
Microsoft Visual Studio Solution File, Format Version 12.00
# Visual Studio Version 16
VisualStudioVersion = 16.0.31321.278
MinimumVisualStudioVersion = 10.0.40219.1
Project("{888888A0-9F3D-457C-B088-3A5042F75D52}") = "HandyNotes", "HandyNotes.pyproj", "{7EF41CDB-657D-4172-A79C-DE0A04747063}"
EndProject
Global
	GlobalSection(SolutionConfigurationPlatforms) = preSolution
		Debug|Any CPU = Debug|Any CPU
		Release|Any CPU = Release|Any CPU
	EndGlobalSection
	GlobalSection(ProjectConfigurationPlatforms) = postSolution
		{7EF41CDB-657D-4172-A79C-DE0A04747063}.Debug|Any CPU.ActiveCfg = Debug|Any CPU
		{7EF41CDB-657D-4172-A79C-DE0A04747063}.Debug|Any CPU.Build.0 = Debug|Any CPU
		{7EF41CDB-657D-4172-A79C-DE0A04747063}.Release|Any CPU.ActiveCfg = Release|Any CPU
		{7EF41CDB-657D-4172-A79C-DE0A04747063}.Release|Any CPU.Build.0 = Release|Any CPU
	EndGlobalSection
	GlobalSection(SolutionProperties) = preSolution
		HideSolutionNode = FALSE
	EndGlobalSection
	GlobalSection(ExtensibilityGlobals) = postSolution
		SolutionGuid = {1744C011-4CED-4E66-86BA-440BC81DCD91}
	EndGlobalSection
EndGlobal
